
Microsoft Visual Studio Solution File, Format Version 12.00
# Visual Studio Version 17
VisualStudioVersion = 17.5.002.0
MinimumVisualStudioVersion = 10.0.40219.1
Project("{9A19103F-16F7-4668-BE54-9A1E7A4F7556}") = "CourseProject", "CourseProject.csproj", "{6B65875F-CB66-4F4B-82D5-C0A680D88AFE}"
EndProject
Global
	GlobalSection(SolutionConfigurationPlatforms) = preSolution
		Debug|Any CPU = Debug|Any CPU
		Release|Any CPU = Release|Any CPU
	EndGlobalSection
	GlobalSection(ProjectConfigurationPlatforms) = postSolution
		{6B65875F-CB66-4F4B-82D5-C0A680D88AFE}.Debug|Any CPU.ActiveCfg = Debug|Any CPU
		{6B65875F-CB66-4F4B-82D5-C0A680D88AFE}.Debug|Any CPU.Build.0 = Debug|Any CPU
		{6B65875F-CB66-4F4B-82D5-C0A680D88AFE}.Release|Any CPU.ActiveCfg = Release|Any CPU
		{6B65875F-CB66-4F4B-82D5-C0A680D88AFE}.Release|Any CPU.Build.0 = Release|Any CPU
	EndGlobalSection
	GlobalSection(SolutionProperties) = preSolution
		HideSolutionNode = FALSE
	EndGlobalSection
	GlobalSection(ExtensibilityGlobals) = postSolution
		SolutionGuid = {062AC86E-EC3F-4D1B-A9A2-CEFE5A12AF80}
	EndGlobalSection
EndGlobal
